
Microsoft Visual Studio Solution File, Format Version 12.00
# Visual Studio Version 17
VisualStudioVersion = 17.2.32616.157
MinimumVisualStudioVersion = 10.0.40219.1
Project("{FAE04EC0-301F-11D3-BF4B-00C04F79EFBC}") = "DSA2_Assignment2", "DSA2_Assignment2\DSA2_Assignment2.csproj", "{648DEEFA-37A0-4009-B16E-3AC6F906B19C}"
EndProject
Global
	GlobalSection(SolutionConfigurationPlatforms) = preSolution
		Debug|Any CPU = Debug|Any CPU
		Release|Any CPU = Release|Any CPU
	EndGlobalSection
	GlobalSection(ProjectConfigurationPlatforms) = postSolution
		{648DEEFA-37A0-4009-B16E-3AC6F906B19C}.Debug|Any CPU.ActiveCfg = Debug|Any CPU
		{648DEEFA-37A0-4009-B16E-3AC6F906B19C}.Debug|Any CPU.Build.0 = Debug|Any CPU
		{648DEEFA-37A0-4009-B16E-3AC6F906B19C}.Release|Any CPU.ActiveCfg = Release|Any CPU
		{648DEEFA-37A0-4009-B16E-3AC6F906B19C}.Release|Any CPU.Build.0 = Release|Any CPU
	EndGlobalSection
	GlobalSection(SolutionProperties) = preSolution
		HideSolutionNode = FALSE
	EndGlobalSection
	GlobalSection(ExtensibilityGlobals) = postSolution
		SolutionGuid = {4D16FCD6-1E14-4072-A0A6-93C31AA445B0}
	EndGlobalSection
EndGlobal
